
Microsoft Visual Studio Solution File, Format Version 12.00
# Visual Studio Version 17
VisualStudioVersion = 17.8.34322.80
MinimumVisualStudioVersion = 10.0.40219.1
Project("{FAE04EC0-301F-11D3-BF4B-00C04F79EFBC}") = "table", "table\table.csproj", "{7C92B463-4975-412F-B3E4-1E41A7D321E4}"
EndProject
Global
	GlobalSection(SolutionConfigurationPlatforms) = preSolution
		Debug|Any CPU = Debug|Any CPU
		Release|Any CPU = Release|Any CPU
	EndGlobalSection
	GlobalSection(ProjectConfigurationPlatforms) = postSolution
		{7C92B463-4975-412F-B3E4-1E41A7D321E4}.Debug|Any CPU.ActiveCfg = Debug|Any CPU
		{7C92B463-4975-412F-B3E4-1E41A7D321E4}.Debug|Any CPU.Build.0 = Debug|Any CPU
		{7C92B463-4975-412F-B3E4-1E41A7D321E4}.Release|Any CPU.ActiveCfg = Release|Any CPU
		{7C92B463-4975-412F-B3E4-1E41A7D321E4}.Release|Any CPU.Build.0 = Release|Any CPU
	EndGlobalSection
	GlobalSection(SolutionProperties) = preSolution
		HideSolutionNode = FALSE
	EndGlobalSection
	GlobalSection(ExtensibilityGlobals) = postSolution
		SolutionGuid = {A9434137-0114-44A6-B4AE-95C1FE2D5940}
	EndGlobalSection
EndGlobal
